
Microsoft Visual Studio Solution File, Format Version 12.00
# Visual Studio 15
VisualStudioVersion = 15.0.28307.329
MinimumVisualStudioVersion = 10.0.40219.1
Project("{FAE04EC0-301F-11D3-BF4B-00C04F79EFBC}") = "soft806activity", "soft806activity\soft806activity.csproj", "{3AADDC3A-E365-461C-A5A3-DB60488E0397}"
EndProject
Global
	GlobalSection(SolutionConfigurationPlatforms) = preSolution
		Debug|Any CPU = Debug|Any CPU
		Release|Any CPU = Release|Any CPU
	EndGlobalSection
	GlobalSection(ProjectConfigurationPlatforms) = postSolution
		{3AADDC3A-E365-461C-A5A3-DB60488E0397}.Debug|Any CPU.ActiveCfg = Debug|Any CPU
		{3AADDC3A-E365-461C-A5A3-DB60488E0397}.Debug|Any CPU.Build.0 = Debug|Any CPU
		{3AADDC3A-E365-461C-A5A3-DB60488E0397}.Release|Any CPU.ActiveCfg = Release|Any CPU
		{3AADDC3A-E365-461C-A5A3-DB60488E0397}.Release|Any CPU.Build.0 = Release|Any CPU
	EndGlobalSection
	GlobalSection(SolutionProperties) = preSolution
		HideSolutionNode = FALSE
	EndGlobalSection
	GlobalSection(ExtensibilityGlobals) = postSolution
		SolutionGuid = {B887FA5D-5D48-48D1-9079-6CD08A0A6D5E}
	EndGlobalSection
EndGlobal
